
Microsoft Visual Studio Solution File, Format Version 12.00
# Visual Studio Version 17
VisualStudioVersion = 17.8.34309.116
MinimumVisualStudioVersion = 10.0.40219.1
Project("{9A19103F-16F7-4668-BE54-9A1E7A4F7556}") = "Sample.OutputCache", "Sample.OutputCache.csproj", "{449D3968-CE7C-4CE0-A086-DE980E7D3495}"
EndProject
Global
	GlobalSection(SolutionConfigurationPlatforms) = preSolution
		Debug|Any CPU = Debug|Any CPU
		Release|Any CPU = Release|Any CPU
	EndGlobalSection
	GlobalSection(ProjectConfigurationPlatforms) = postSolution
		{449D3968-CE7C-4CE0-A086-DE980E7D3495}.Debug|Any CPU.ActiveCfg = Debug|Any CPU
		{449D3968-CE7C-4CE0-A086-DE980E7D3495}.Debug|Any CPU.Build.0 = Debug|Any CPU
		{449D3968-CE7C-4CE0-A086-DE980E7D3495}.Release|Any CPU.ActiveCfg = Release|Any CPU
		{449D3968-CE7C-4CE0-A086-DE980E7D3495}.Release|Any CPU.Build.0 = Release|Any CPU
	EndGlobalSection
	GlobalSection(SolutionProperties) = preSolution
		HideSolutionNode = FALSE
	EndGlobalSection
	GlobalSection(ExtensibilityGlobals) = postSolution
		SolutionGuid = {2DFE0808-01D7-48F3-B9CF-E28937B1438D}
	EndGlobalSection
EndGlobal
